{
  "version": 4,
  "terraform_version": "1.13.4",
  "serial": 6,
  "lineage": "a4b37c7e-b005-0200-010b-88b514ffb5c9",
  "outputs": {},
  "resources": [
    {
      "mode": "managed",
      "type": "aws_cloudwatch_dashboard",
      "name": "main",
      "provider": "provider[\"registry.terraform.io/hashicorp/aws\"]",
      "instances": [
        {
          "schema_version": 0,
          "attributes": {
            "dashboard_arn": "arn:aws:cloudwatch::244530008913:dashboard/amni002",
            "dashboard_body": "{\"widgets\":[{\"type\":\"metric\",\"x\":0,\"y\":6,\"width\":12,\"height\":6,\"properties\":{\"metrics\":[[\"amni002\",\"bank_sum\"]],\"period\":300,\"stat\":\"Average\",\"region\":\"eu-west-1\",\"title\":\"Total bank balance (sum of all accounts)\"}},{\"type\":\"metric\",\"x\":0,\"y\":0,\"width\":12,\"height\":6,\"properties\":{\"metrics\":[[\"amni002\",\"account_count.value\"]],\"period\":300,\"stat\":\"Maximum\",\"region\":\"eu-west-1\",\"title\":\"Total number of accounts\"}}]}",
            "dashboard_name": "amni002",
            "id": "amni002",
            "region": "eu-west-1"
          },
          "sensitive_attributes": [],
          "identity_schema_version": 0,
          "private": "bnVsbA=="
        }
      ]
    }
  ],
  "check_results": null
}
